
Microsoft Visual Studio Solution File, Format Version 12.00
# Visual Studio 15
VisualStudioVersion = 15.0.27004.2006
MinimumVisualStudioVersion = 10.0.40219.1
Project("{FAE04EC0-301F-11D3-BF4B-00C04F79EFBC}") = "PS2Web", "PS2Web\PS2Web.csproj", "{C4FC47FF-1E9A-44C1-873B-9D1D0B59599D}"
EndProject
Global
	GlobalSection(SolutionConfigurationPlatforms) = preSolution
		Debug|Any CPU = Debug|Any CPU
		Release|Any CPU = Release|Any CPU
	EndGlobalSection
	GlobalSection(ProjectConfigurationPlatforms) = postSolution
		{C4FC47FF-1E9A-44C1-873B-9D1D0B59599D}.Debug|Any CPU.ActiveCfg = Debug|Any CPU
		{C4FC47FF-1E9A-44C1-873B-9D1D0B59599D}.Debug|Any CPU.Build.0 = Debug|Any CPU
		{C4FC47FF-1E9A-44C1-873B-9D1D0B59599D}.Release|Any CPU.ActiveCfg = Release|Any CPU
		{C4FC47FF-1E9A-44C1-873B-9D1D0B59599D}.Release|Any CPU.Build.0 = Release|Any CPU
	EndGlobalSection
	GlobalSection(SolutionProperties) = preSolution
		HideSolutionNode = FALSE
	EndGlobalSection
	GlobalSection(ExtensibilityGlobals) = postSolution
		SolutionGuid = {10A18BD5-2C71-4F7F-AFD4-CDD7D23A7974}
	EndGlobalSection
EndGlobal
